
Microsoft Visual Studio Solution File, Format Version 12.00
# Visual Studio Version 17
VisualStudioVersion = 17.3.32825.248
MinimumVisualStudioVersion = 10.0.40219.1
Project("{FAE04EC0-301F-11D3-BF4B-00C04F79EFBC}") = "CCT.InjecaoDependenciaConcreta.Api", "CCT.InjecaoDependenciaConcreta.Api\CCT.InjecaoDependenciaConcreta.Api.csproj", "{BC7354D2-EA8E-4978-B3F1-F271713C13FE}"
EndProject
Project("{FAE04EC0-301F-11D3-BF4B-00C04F79EFBC}") = "CCT.InjecaoDependenciaConcreta.UnitTest", "CCT.InjecaoDependenciaConcreta.UnitTest\CCT.InjecaoDependenciaConcreta.UnitTest.csproj", "{4CF69FA4-0EBE-4D47-8385-F3C37026E1A4}"
EndProject
Project("{FAE04EC0-301F-11D3-BF4B-00C04F79EFBC}") = "ClienteApi", "ClienteApi\ClienteApi.csproj", "{2994C5BA-6031-4793-8177-4D06396CD4B8}"
EndProject
Global
	GlobalSection(SolutionConfigurationPlatforms) = preSolution
		Debug|Any CPU = Debug|Any CPU
		Release|Any CPU = Release|Any CPU
	EndGlobalSection
	GlobalSection(ProjectConfigurationPlatforms) = postSolution
		{BC7354D2-EA8E-4978-B3F1-F271713C13FE}.Debug|Any CPU.ActiveCfg = Debug|Any CPU
		{BC7354D2-EA8E-4978-B3F1-F271713C13FE}.Debug|Any CPU.Build.0 = Debug|Any CPU
		{BC7354D2-EA8E-4978-B3F1-F271713C13FE}.Release|Any CPU.ActiveCfg = Release|Any CPU
		{BC7354D2-EA8E-4978-B3F1-F271713C13FE}.Release|Any CPU.Build.0 = Release|Any CPU
		{4CF69FA4-0EBE-4D47-8385-F3C37026E1A4}.Debug|Any CPU.ActiveCfg = Debug|Any CPU
		{4CF69FA4-0EBE-4D47-8385-F3C37026E1A4}.Debug|Any CPU.Build.0 = Debug|Any CPU
		{4CF69FA4-0EBE-4D47-8385-F3C37026E1A4}.Release|Any CPU.ActiveCfg = Release|Any CPU
		{4CF69FA4-0EBE-4D47-8385-F3C37026E1A4}.Release|Any CPU.Build.0 = Release|Any CPU
		{2994C5BA-6031-4793-8177-4D06396CD4B8}.Debug|Any CPU.ActiveCfg = Debug|Any CPU
		{2994C5BA-6031-4793-8177-4D06396CD4B8}.Debug|Any CPU.Build.0 = Debug|Any CPU
		{2994C5BA-6031-4793-8177-4D06396CD4B8}.Release|Any CPU.ActiveCfg = Release|Any CPU
		{2994C5BA-6031-4793-8177-4D06396CD4B8}.Release|Any CPU.Build.0 = Release|Any CPU
	EndGlobalSection
	GlobalSection(SolutionProperties) = preSolution
		HideSolutionNode = FALSE
	EndGlobalSection
	GlobalSection(ExtensibilityGlobals) = postSolution
		SolutionGuid = {6E89667D-B412-4107-B0D1-648AF6D4E895}
	EndGlobalSection
EndGlobal
